// !$*UTF8*$!
{
	archiveVersion = 1;
	classes = {
	};
	objectVersion = 50;
	objects = {

/* Begin PBXBuildFile section */
		6772A34A2552515600036FAD /* AppDelegate.swift in Sources */ = {isa = PBXBuildFile; fileRef = 6772A3492552515600036FAD /* AppDelegate.swift */; };
		6772A34C2552515600036FAD /* SceneDelegate.swift in Sources */ = {isa = PBXBuildFile; fileRef = 6772A34B2552515600036FAD /* SceneDelegate.swift */; };
		6772A34E2552515600036FAD /* ViewController.swift in Sources */ = {isa = PBXBuildFile; fileRef = 6772A34D2552515600036FAD /* ViewController.swift */; };
		6772A3512552515600036FAD /* Main.storyboard in Resources */ = {isa = PBXBuildFile; fileRef = 6772A34F2552515600036FAD /* Main.storyboard */; };
		6772A3532552515D00036FAD /* Assets.xcassets in Resources */ = {isa = PBXBuildFile; fileRef = 6772A3522552515D00036FAD /* Assets.xcassets */; };
		6772A3562552515D00036FAD /* LaunchScreen.storyboard in Resources */ = {isa = PBXBuildFile; fileRef = 6772A3542552515D00036FAD /* LaunchScreen.storyboard */; };
		6772A362255254B200036FAD /* NewItemViewController.swift in Sources */ = {isa = PBXBuildFile; fileRef = 6772A361255254B200036FAD /* NewItemViewController.swift */; };
		6772A3672552557200036FAD /* QRCodeItemTableViewCell.swift in Sources */ = {isa = PBXBuildFile; fileRef = 6772A3652552557200036FAD /* QRCodeItemTableViewCell.swift */; };
		6772A3682552557200036FAD /* QRCodeItemTableViewCell.xib in Resources */ = {isa = PBXBuildFile; fileRef = 6772A3662552557200036FAD /* QRCodeItemTableViewCell.xib */; };
		6772A37F255256E700036FAD /* Constants.swift in Sources */ = {isa = PBXBuildFile; fileRef = 6772A37E255256E700036FAD /* Constants.swift */; };
		6772A382255258E400036FAD /* Data.swift in Sources */ = {isa = PBXBuildFile; fileRef = 6772A381255258E400036FAD /* Data.swift */; };
		67FA5ADF25548DD400C65F61 /* DataModel.xcdatamodeld in Sources */ = {isa = PBXBuildFile; fileRef = 67FA5ADD25548DD400C65F61 /* DataModel.xcdatamodeld */; };
/* End PBXBuildFile section */

/* Begin PBXFileReference section */
		6772A3462552515600036FAD /* QRCode Generator.app */ = {isa = PBXFileReference; explicitFileType = wrapper.application; includeInIndex = 0; path = "QRCode Generator.app"; sourceTree = BUILT_PRODUCTS_DIR; };
		6772A3492552515600036FAD /* AppDelegate.swift */ = {isa = PBXFileReference; lastKnownFileType = sourcecode.swift; path = AppDelegate.swift; sourceTree = "<group>"; };
		6772A34B2552515600036FAD /* SceneDelegate.swift */ = {isa = PBXFileReference; lastKnownFileType = sourcecode.swift; path = SceneDelegate.swift; sourceTree = "<group>"; };
		6772A34D2552515600036FAD /* ViewController.swift */ = {isa = PBXFileReference; lastKnownFileType = sourcecode.swift; path = ViewController.swift; sourceTree = "<group>"; };
		6772A3502552515600036FAD /* Base */ = {isa = PBXFileReference; lastKnownFileType = file.storyboard; name = Base; path = Base.lproj/Main.storyboard; sourceTree = "<group>"; };
		6772A3522552515D00036FAD /* Assets.xcassets */ = {isa = PBXFileReference; lastKnownFileType = folder.assetcatalog; path = Assets.xcassets; sourceTree = "<group>"; };
		6772A3552552515D00036FAD /* Base */ = {isa = PBXFileReference; lastKnownFileType = file.storyboard; name = Base; path = Base.lproj/LaunchScreen.storyboard; sourceTree = "<group>"; };
		6772A3572552515D00036FAD /* Info.plist */ = {isa = PBXFileReference; lastKnownFileType = text.plist.xml; path = Info.plist; sourceTree = "<group>"; };
		6772A361255254B200036FAD /* NewItemViewController.swift */ = {isa = PBXFileReference; lastKnownFileType = sourcecode.swift; path = NewItemViewController.swift; sourceTree = SOURCE_ROOT; };
		6772A3652552557200036FAD /* QRCodeItemTableViewCell.swift */ = {isa = PBXFileReference; lastKnownFileType = sourcecode.swift; path = QRCodeItemTableViewCell.swift; sourceTree = "<group>"; };
		6772A3662552557200036FAD /* QRCodeItemTableViewCell.xib */ = {isa = PBXFileReference; lastKnownFileType = file.xib; path = QRCodeItemTableViewCell.xib; sourceTree = "<group>"; };
		6772A37E255256E700036FAD /* Constants.swift */ = {isa = PBXFileReference; lastKnownFileType = sourcecode.swift; path = Constants.swift; sourceTree = "<group>"; };
		6772A381255258E400036FAD /* Data.swift */ = {isa = PBXFileReference; lastKnownFileType = sourcecode.swift; path = Data.swift; sourceTree = "<group>"; };
		67FA5ADE25548DD400C65F61 /* DataModel.xcdatamodel */ = {isa = PBXFileReference; lastKnownFileType = wrapper.xcdatamodel; path = DataModel.xcdatamodel; sourceTree = "<group>"; };
/* End PBXFileReference section */

/* Begin PBXFrameworksBuildPhase section */
		6772A3432552515600036FAD /* Frameworks */ = {
			isa = PBXFrameworksBuildPhase;
			buildActionMask = 2147483647;
			files = (
			);
			runOnlyForDeploymentPostprocessing = 0;
		};
/* End PBXFrameworksBuildPhase section */

/* Begin PBXGroup section */
		6772A33D2552515600036FAD = {
			isa = PBXGroup;
			children = (
				6772A3482552515600036FAD /* QRCode Generator */,
				6772A3472552515600036FAD /* Products */,
			);
			sourceTree = "<group>";
		};
		6772A3472552515600036FAD /* Products */ = {
			isa = PBXGroup;
			children = (
				6772A3462552515600036FAD /* QRCode Generator.app */,
			);
			name = Products;
			sourceTree = "<group>";
		};
		6772A3482552515600036FAD /* QRCode Generator */ = {
			isa = PBXGroup;
			children = (
				6772A3492552515600036FAD /* AppDelegate.swift */,
				6772A34B2552515600036FAD /* SceneDelegate.swift */,
				6772A385255258EC00036FAD /* Model */,
				6772A360255253B900036FAD /* Views */,
				6772A35E2552539900036FAD /* Controllers */,
				6772A3522552515D00036FAD /* Assets.xcassets */,
				6772A3572552515D00036FAD /* Info.plist */,
				6772A37E255256E700036FAD /* Constants.swift */,
			);
			path = "QRCode Generator";
			sourceTree = "<group>";
		};
		6772A35E2552539900036FAD /* Controllers */ = {
			isa = PBXGroup;
			children = (
				6772A361255254B200036FAD /* NewItemViewController.swift */,
				6772A34D2552515600036FAD /* ViewController.swift */,
			);
			path = Controllers;
			sourceTree = "<group>";
		};
		6772A360255253B900036FAD /* Views */ = {
			isa = PBXGroup;
			children = (
				6772A34F2552515600036FAD /* Main.storyboard */,
				6772A3652552557200036FAD /* QRCodeItemTableViewCell.swift */,
				6772A3662552557200036FAD /* QRCodeItemTableViewCell.xib */,
				6772A3542552515D00036FAD /* LaunchScreen.storyboard */,
			);
			path = Views;
			sourceTree = "<group>";
		};
		6772A385255258EC00036FAD /* Model */ = {
			isa = PBXGroup;
			children = (
				6772A381255258E400036FAD /* Data.swift */,
				67FA5ADD25548DD400C65F61 /* DataModel.xcdatamodeld */,
			);
			path = Model;
			sourceTree = "<group>";
		};
/* End PBXGroup section */

/* Begin PBXNativeTarget section */
		6772A3452552515600036FAD /* QRCode Generator */ = {
			isa = PBXNativeTarget;
			buildConfigurationList = 6772A35A2552515D00036FAD /* Build configuration list for PBXNativeTarget "QRCode Generator" */;
			buildPhases = (
				6772A3422552515600036FAD /* Sources */,
				6772A3432552515600036FAD /* Frameworks */,
				6772A3442552515600036FAD /* Resources */,
			);
			buildRules = (
			);
			dependencies = (
			);
			name = "QRCode Generator";
			productName = "QRCode Generator";
			productReference = 6772A3462552515600036FAD /* QRCode Generator.app */;
			productType = "com.apple.product-type.application";
		};
/* End PBXNativeTarget section */

/* Begin PBXProject section */
		6772A33E2552515600036FAD /* Project object */ = {
			isa = PBXProject;
			attributes = {
				LastSwiftUpdateCheck = 1200;
				LastUpgradeCheck = 1200;
				TargetAttributes = {
					6772A3452552515600036FAD = {
						CreatedOnToolsVersion = 12.0.1;
					};
				};
			};
			buildConfigurationList = 6772A3412552515600036FAD /* Build configuration list for PBXProject "QRCode Generator" */;
			compatibilityVersion = "Xcode 9.3";
			developmentRegion = en;
			hasScannedForEncodings = 0;
			knownRegions = (
				en,
				Base,
			);
			mainGroup = 6772A33D2552515600036FAD;
			productRefGroup = 6772A3472552515600036FAD /* Products */;
			projectDirPath = "";
			projectRoot = "";
			targets = (
				6772A3452552515600036FAD /* QRCode Generator */,
			);
		};
/* End PBXProject section */

/* Begin PBXResourcesBuildPhase section */
		6772A3442552515600036FAD /* Resources */ = {
			isa = PBXResourcesBuildPhase;
			buildActionMask = 2147483647;
			files = (
				6772A3682552557200036FAD /* QRCodeItemTableViewCell.xib in Resources */,
				6772A3562552515D00036FAD /* LaunchScreen.storyboard in Resources */,
				6772A3532552515D00036FAD /* Assets.xcassets in Resources */,
				6772A3512552515600036FAD /* Main.storyboard in Resources */,
			);
			runOnlyForDeploymentPostprocessing = 0;
		};
/* End PBXResourcesBuildPhase section */

/* Begin PBXSourcesBuildPhase section */
		6772A3422552515600036FAD /* Sources */ = {
			isa = PBXSourcesBuildPhase;
			buildActionMask = 2147483647;
			files = (
				6772A382255258E400036FAD /* Data.swift in Sources */,
				67FA5ADF25548DD400C65F61 /* DataModel.xcdatamodeld in Sources */,
				6772A3672552557200036FAD /* QRCodeItemTableViewCell.swift in Sources */,
				6772A34E2552515600036FAD /* ViewController.swift in Sources */,
				6772A34A2552515600036FAD /* AppDelegate.swift in Sources */,
				6772A362255254B200036FAD /* NewItemViewController.swift in Sources */,
				6772A34C2552515600036FAD /* SceneDelegate.swift in Sources */,
				6772A37F255256E700036FAD /* Constants.swift in Sources */,
			);
			runOnlyForDeploymentPostprocessing = 0;
		};
/* End PBXSourcesBuildPhase section */

/* Begin PBXVariantGroup section */
		6772A34F2552515600036FAD /* Main.storyboard */ = {
			isa = PBXVariantGroup;
			children = (
				6772A3502552515600036FAD /* Base */,
			);
			name = Main.storyboard;
			sourceTree = "<group>";
		};
		6772A3542552515D00036FAD /* LaunchScreen.storyboard */ = {
			isa = PBXVariantGroup;
			children = (
				6772A3552552515D00036FAD /* Base */,
			);
			name = LaunchScreen.storyboard;
			sourceTree = "<group>";
		};
/* End PBXVariantGroup section */

/* Begin XCBuildConfiguration section */
		6772A3582552515D00036FAD /* Debug */ = {
			isa = XCBuildConfiguration;
			buildSettings = {
				ALWAYS_SEARCH_USER_PATHS = NO;
				CLANG_ANALYZER_NONNULL = YES;
				CLANG_ANALYZER_NUMBER_OBJECT_CONVERSION = YES_AGGRESSIVE;
				CLANG_CXX_LANGUAGE_STANDARD = "gnu++14";
				CLANG_CXX_LIBRARY = "libc++";
				CLANG_ENABLE_MODULES = YES;
				CLANG_ENABLE_OBJC_ARC = YES;
				CLANG_ENABLE_OBJC_WEAK = YES;
				CLANG_WARN_BLOCK_CAPTURE_AUTORELEASING = YES;
				CLANG_WARN_BOOL_CONVERSION = YES;
				CLANG_WARN_COMMA = YES;
				CLANG_WARN_CONSTANT_CONVERSION = YES;
				CLANG_WARN_DEPRECATED_OBJC_IMPLEMENTATIONS = YES;
				CLANG_WARN_DIRECT_OBJC_ISA_USAGE = YES_ERROR;
				CLANG_WARN_DOCUMENTATION_COMMENTS = YES;
				CLANG_WARN_EMPTY_BODY = YES;
				CLANG_WARN_ENUM_CONVERSION = YES;
				CLANG_WARN_INFINITE_RECURSION = YES;
				CLANG_WARN_INT_CONVERSION = YES;
				CLANG_WARN_NON_LITERAL_NULL_CONVERSION = YES;
				CLANG_WARN_OBJC_IMPLICIT_RETAIN_SELF = YES;
				CLANG_WARN_OBJC_LITERAL_CONVERSION = YES;
				CLANG_WARN_OBJC_ROOT_CLASS = YES_ERROR;
				CLANG_WARN_QUOTED_INCLUDE_IN_FRAMEWORK_HEADER = YES;
				CLANG_WARN_RANGE_LOOP_ANALYSIS = YES;
				CLANG_WARN_STRICT_PROTOTYPES = YES;
				CLANG_WARN_SUSPICIOUS_MOVE = YES;
				CLANG_WARN_UNGUARDED_AVAILABILITY = YES_AGGRESSIVE;
				CLANG_WARN_UNREACHABLE_CODE = YES;
				CLANG_WARN__DUPLICATE_METHOD_MATCH = YES;
				COPY_PHASE_STRIP = NO;
				DEBUG_INFORMATION_FORMAT = dwarf;
				ENABLE_STRICT_OBJC_MSGSEND = YES;
				ENABLE_TESTABILITY = YES;
				GCC_C_LANGUAGE_STANDARD = gnu11;
				GCC_DYNAMIC_NO_PIC = NO;
				GCC_NO_COMMON_BLOCKS = YES;
				GCC_OPTIMIZATION_LEVEL = 0;
				GCC_PREPROCESSOR_DEFINITIONS = (
					"DEBUG=1",
					"$(inherited)",
				);
				GCC_WARN_64_TO_32_BIT_CONVERSION = YES;
				GCC_WARN_ABOUT_RETURN_TYPE = YES_ERROR;
				GCC_WARN_UNDECLARED_SELECTOR = YES;
				GCC_WARN_UNINITIALIZED_AUTOS = YES_AGGRESSIVE;
				GCC_WARN_UNUSED_FUNCTION = YES;
				GCC_WARN_UNUSED_VARIABLE = YES;
				IPHONEOS_DEPLOYMENT_TARGET = 14.0;
				MTL_ENABLE_DEBUG_INFO = INCLUDE_SOURCE;
				MTL_FAST_MATH = YES;
				ONLY_ACTIVE_ARCH = YES;
				SDKROOT = iphoneos;
				SWIFT_ACTIVE_COMPILATION_CONDITIONS = DEBUG;
				SWIFT_OPTIMIZATION_LEVEL = "-Onone";
			};
			name = Debug;
		};
		6772A3592552515D00036FAD /* Release */ = {
			isa = XCBuildConfiguration;
			buildSettings = {
				ALWAYS_SEARCH_USER_PATHS = NO;
				CLANG_ANALYZER_NONNULL = YES;
				CLANG_ANALYZER_NUMBER_OBJECT_CONVERSION = YES_AGGRESSIVE;
				CLANG_CXX_LANGUAGE_STANDARD = "gnu++14";
				CLANG_CXX_LIBRARY = "libc++";
				CLANG_ENABLE_MODULES = YES;
				CLANG_ENABLE_OBJC_ARC = YES;
				CLANG_ENABLE_OBJC_WEAK = YES;
				CLANG_WARN_BLOCK_CAPTURE_AUTORELEASING = YES;
				CLANG_WARN_BOOL_CONVERSION = YES;
				CLANG_WARN_COMMA = YES;
				CLANG_WARN_CONSTANT_CONVERSION = YES;
				CLANG_WARN_DEPRECATED_OBJC_IMPLEMENTATIONS = YES;
				CLANG_WARN_DIRECT_OBJC_ISA_USAGE = YES_ERROR;
				CLANG_WARN_DOCUMENTATION_COMMENTS = YES;
				CLANG_WARN_EMPTY_BODY = YES;
				CLANG_WARN_ENUM_CONVERSION = YES;
				CLANG_WARN_INFINITE_RECURSION = YES;
				CLANG_WARN_INT_CONVERSION = YES;
				CLANG_WARN_NON_LITERAL_NULL_CONVERSION = YES;
				CLANG_WARN_OBJC_IMPLICIT_RETAIN_SELF = YES;
				CLANG_WARN_OBJC_LITERAL_CONVERSION = YES;
				CLANG_WARN_OBJC_ROOT_CLASS = YES_ERROR;
				CLANG_WARN_QUOTED_INCLUDE_IN_FRAMEWORK_HEADER = YES;
				CLANG_WARN_RANGE_LOOP_ANALYSIS = YES;
				CLANG_WARN_STRICT_PROTOTYPES = YES;
				CLANG_WARN_SUSPICIOUS_MOVE = YES;
				CLANG_WARN_UNGUARDED_AVAILABILITY = YES_AGGRESSIVE;
				CLANG_WARN_UNREACHABLE_CODE = YES;
				CLANG_WARN__DUPLICATE_METHOD_MATCH = YES;
				COPY_PHASE_STRIP = NO;
				DEBUG_INFORMATION_FORMAT = "dwarf-with-dsym";
				ENABLE_NS_ASSERTIONS = NO;
				ENABLE_STRICT_OBJC_MSGSEND = YES;
				GCC_C_LANGUAGE_STANDARD = gnu11;
				GCC_NO_COMMON_BLOCKS = YES;
				GCC_WARN_64_TO_32_BIT_CONVERSION = YES;
				GCC_WARN_ABOUT_RETURN_TYPE = YES_ERROR;
				GCC_WARN_UNDECLARED_SELECTOR = YES;
				GCC_WARN_UNINITIALIZED_AUTOS = YES_AGGRESSIVE;
				GCC_WARN_UNUSED_FUNCTION = YES;
				GCC_WARN_UNUSED_VARIABLE = YES;
				IPHONEOS_DEPLOYMENT_TARGET = 14.0;
				MTL_ENABLE_DEBUG_INFO = NO;
				MTL_FAST_MATH = YES;
				SDKROOT = iphoneos;
				SWIFT_COMPILATION_MODE = wholemodule;
				SWIFT_OPTIMIZATION_LEVEL = "-O";
				VALIDATE_PRODUCT = YES;
			};
			name = Release;
		};
		6772A35B2552515D00036FAD /* Debug */ = {
			isa = XCBuildConfiguration;
			buildSettings = {
				ASSETCATALOG_COMPILER_APPICON_NAME = AppIcon;
				ASSETCATALOG_COMPILER_GLOBAL_ACCENT_COLOR_NAME = AccentColor;
				CODE_SIGN_STYLE = Automatic;
				INFOPLIST_FILE = "QRCode Generator/Info.plist";
				LD_RUNPATH_SEARCH_PATHS = (
					"$(inherited)",
					"@executable_path/Frameworks",
				);
				PRODUCT_BUNDLE_IDENTIFIER = "com.rolvr.QRCode-Generator";
				PRODUCT_NAME = "$(TARGET_NAME)";
				SWIFT_VERSION = 5.0;
				TARGETED_DEVICE_FAMILY = "1,2";
			};
			name = Debug;
		};
		6772A35C2552515D00036FAD /* Release */ = {
			isa = XCBuildConfiguration;
			buildSettings = {
				ASSETCATALOG_COMPILER_APPICON_NAME = AppIcon;
				ASSETCATALOG_COMPILER_GLOBAL_ACCENT_COLOR_NAME = AccentColor;
				CODE_SIGN_STYLE = Automatic;
				INFOPLIST_FILE = "QRCode Generator/Info.plist";
				LD_RUNPATH_SEARCH_PATHS = (
					"$(inherited)",
					"@executable_path/Frameworks",
				);
				PRODUCT_BUNDLE_IDENTIFIER = "com.rolvr.QRCode-Generator";
				PRODUCT_NAME = "$(TARGET_NAME)";
				SWIFT_VERSION = 5.0;
				TARGETED_DEVICE_FAMILY = "1,2";
			};
			name = Release;
		};
/* End XCBuildConfiguration section */

/* Begin XCConfigurationList section */
		6772A3412552515600036FAD /* Build configuration list for PBXProject "QRCode Generator" */ = {
			isa = XCConfigurationList;
			buildConfigurations = (
				6772A3582552515D00036FAD /* Debug */,
				6772A3592552515D00036FAD /* Release */,
			);
			defaultConfigurationIsVisible = 0;
			defaultConfigurationName = Release;
		};
		6772A35A2552515D00036FAD /* Build configuration list for PBXNativeTarget "QRCode Generator" */ = {
			isa = XCConfigurationList;
			buildConfigurations = (
				6772A35B2552515D00036FAD /* Debug */,
				6772A35C2552515D00036FAD /* Release */,
			);
			defaultConfigurationIsVisible = 0;
			defaultConfigurationName = Release;
		};
/* End XCConfigurationList section */

/* Begin XCVersionGroup section */
		67FA5ADD25548DD400C65F61 /* DataModel.xcdatamodeld */ = {
			isa = XCVersionGroup;
			children = (
				67FA5ADE25548DD400C65F61 /* DataModel.xcdatamodel */,
			);
			currentVersion = 67FA5ADE25548DD400C65F61 /* DataModel.xcdatamodel */;
			path = DataModel.xcdatamodeld;
			sourceTree = "<group>";
			versionGroupType = wrapper.xcdatamodel;
		};
/* End XCVersionGroup section */
	};
	rootObject = 6772A33E2552515600036FAD /* Project object */;
}
